// !$*UTF8*$!
{
	archiveVersion = 1;
	classes = {
	};
	objectVersion = 46;
	objects = {

/* Begin PBXBuildFile section */
		AE117781187D3E30003CE39E /* MapKit.framework in Frameworks */ = {isa = PBXBuildFile; fileRef = AE117780187D3E30003CE39E /* MapKit.framework */; };
		AE1E9AE2187B3FFD0021E629 /* RMDateSelectionViewController.m in Sources */ = {isa = PBXBuildFile; fileRef = AE1E9AE1187B3FFD0021E629 /* RMDateSelectionViewController.m */; };
		AE1E9AE6187BD09D0021E629 /* HMSegmentedControl.m in Sources */ = {isa = PBXBuildFile; fileRef = AE1E9AE5187BD09D0021E629 /* HMSegmentedControl.m */; };
		AE7192871887287300728CFE /* VPImageCropperViewController.m in Sources */ = {isa = PBXBuildFile; fileRef = AE7192861887287300728CFE /* VPImageCropperViewController.m */; };
		AE7192891887409700728CFE /* CoreData.framework in Frameworks */ = {isa = PBXBuildFile; fileRef = AE7192881887409700728CFE /* CoreData.framework */; };
		AE71928B188740AC00728CFE /* libicucore.dylib in Frameworks */ = {isa = PBXBuildFile; fileRef = AE71928A188740AC00728CFE /* libicucore.dylib */; };
		AE71928D188740BD00728CFE /* CoreTelephony.framework in Frameworks */ = {isa = PBXBuildFile; fileRef = AE71928C188740BD00728CFE /* CoreTelephony.framework */; };
		AE719292188741C600728CFE /* ChatViewController.m in Sources */ = {isa = PBXBuildFile; fileRef = AE719291188741C600728CFE /* ChatViewController.m */; };
		AE7741E91887B277002A0E96 /* PersonalDetailViewController.m in Sources */ = {isa = PBXBuildFile; fileRef = AE7741E81887B277002A0E96 /* PersonalDetailViewController.m */; };
		AE8730B31881D62D00D5A9C8 /* PostsNearMeViewController.m in Sources */ = {isa = PBXBuildFile; fileRef = AE8730B21881D62D00D5A9C8 /* PostsNearMeViewController.m */; };
		AE8730B7188225D900D5A9C8 /* CDPosts.m in Sources */ = {isa = PBXBuildFile; fileRef = AE8730B6188225D900D5A9C8 /* CDPosts.m */; };
		AE8730BB1882304100D5A9C8 /* UITableView+Frames.m in Sources */ = {isa = PBXBuildFile; fileRef = AE8730BA1882304100D5A9C8 /* UITableView+Frames.m */; };
		AE8730BE1882336D00D5A9C8 /* CDCustomCell.m in Sources */ = {isa = PBXBuildFile; fileRef = AE8730BD1882336D00D5A9C8 /* CDCustomCell.m */; };
		AE8730C318825C1600D5A9C8 /* ActivityViewController.m in Sources */ = {isa = PBXBuildFile; fileRef = AE8730C218825C1600D5A9C8 /* ActivityViewController.m */; };
		AE8C4E71187602DB00F23661 /* Foundation.framework in Frameworks */ = {isa = PBXBuildFile; fileRef = AE8C4E70187602DB00F23661 /* Foundation.framework */; };
		AE8C4E73187602DB00F23661 /* CoreGraphics.framework in Frameworks */ = {isa = PBXBuildFile; fileRef = AE8C4E72187602DB00F23661 /* CoreGraphics.framework */; };
		AE8C4E75187602DB00F23661 /* UIKit.framework in Frameworks */ = {isa = PBXBuildFile; fileRef = AE8C4E74187602DB00F23661 /* UIKit.framework */; };
		AE8C4E7B187602DB00F23661 /* InfoPlist.strings in Resources */ = {isa = PBXBuildFile; fileRef = AE8C4E79187602DB00F23661 /* InfoPlist.strings */; };
		AE8C4E7D187602DB00F23661 /* main.m in Sources */ = {isa = PBXBuildFile; fileRef = AE8C4E7C187602DB00F23661 /* main.m */; };
		AE8C4E81187602DB00F23661 /* CDAppDelegate.m in Sources */ = {isa = PBXBuildFile; fileRef = AE8C4E80187602DB00F23661 /* CDAppDelegate.m */; };
		AE8C4E84187602DB00F23661 /* Main.storyboard in Resources */ = {isa = PBXBuildFile; fileRef = AE8C4E82187602DB00F23661 /* Main.storyboard */; };
		AE8C4E87187602DB00F23661 /* CDViewController.m in Sources */ = {isa = PBXBuildFile; fileRef = AE8C4E86187602DB00F23661 /* CDViewController.m */; };
		AE8C4E89187602DB00F23661 /* Images.xcassets in Resources */ = {isa = PBXBuildFile; fileRef = AE8C4E88187602DB00F23661 /* Images.xcassets */; };
		AE8C4E90187602DB00F23661 /* XCTest.framework in Frameworks */ = {isa = PBXBuildFile; fileRef = AE8C4E8F187602DB00F23661 /* XCTest.framework */; };
		AE8C4E91187602DB00F23661 /* Foundation.framework in Frameworks */ = {isa = PBXBuildFile; fileRef = AE8C4E70187602DB00F23661 /* Foundation.framework */; };
		AE8C4E92187602DB00F23661 /* UIKit.framework in Frameworks */ = {isa = PBXBuildFile; fileRef = AE8C4E74187602DB00F23661 /* UIKit.framework */; };
		AE8C4E9A187602DB00F23661 /* InfoPlist.strings in Resources */ = {isa = PBXBuildFile; fileRef = AE8C4E98187602DB00F23661 /* InfoPlist.strings */; };
		AE8C4E9C187602DB00F23661 /* BuddyUpTests.m in Sources */ = {isa = PBXBuildFile; fileRef = AE8C4E9B187602DB00F23661 /* BuddyUpTests.m */; };
		AE8C4EAB1876039300F23661 /* LoginViewController.m in Sources */ = {isa = PBXBuildFile; fileRef = AE8C4EA61876039300F23661 /* LoginViewController.m */; };
		AE8C4EAC1876039300F23661 /* WelcomeViewController.m in Sources */ = {isa = PBXBuildFile; fileRef = AE8C4EA81876039300F23661 /* WelcomeViewController.m */; };
		AE8C4EAD1876039300F23661 /* SignUpViewController.m in Sources */ = {isa = PBXBuildFile; fileRef = AE8C4EAA1876039300F23661 /* SignUpViewController.m */; };
		AE8C4EB0187603F700F23661 /* SystemConfiguration.framework in Frameworks */ = {isa = PBXBuildFile; fileRef = AE8C4EAF187603F700F23661 /* SystemConfiguration.framework */; };
		AE8C4EB21876041100F23661 /* Parse.framework in Frameworks */ = {isa = PBXBuildFile; fileRef = AE8C4EB11876041100F23661 /* Parse.framework */; };
		AE8C4EB41876041700F23661 /* QuartzCore.framework in Frameworks */ = {isa = PBXBuildFile; fileRef = AE8C4EB31876041700F23661 /* QuartzCore.framework */; };
		AE8C4EB61876042300F23661 /* AudioToolbox.framework in Frameworks */ = {isa = PBXBuildFile; fileRef = AE8C4EB51876042300F23661 /* AudioToolbox.framework */; };
		AE8C4EB81876042800F23661 /* CFNetwork.framework in Frameworks */ = {isa = PBXBuildFile; fileRef = AE8C4EB71876042800F23661 /* CFNetwork.framework */; };
		AE8C4EBA1876043100F23661 /* CoreLocation.framework in Frameworks */ = {isa = PBXBuildFile; fileRef = AE8C4EB91876043100F23661 /* CoreLocation.framework */; };
		AE8C4EBC1876043B00F23661 /* MobileCoreServices.framework in Frameworks */ = {isa = PBXBuildFile; fileRef = AE8C4EBB1876043B00F23661 /* MobileCoreServices.framework */; };
		AE8C4EBE1876044100F23661 /* Security.framework in Frameworks */ = {isa = PBXBuildFile; fileRef = AE8C4EBD1876044100F23661 /* Security.framework */; };
		AE8C4EC01876049400F23661 /* StoreKit.framework in Frameworks */ = {isa = PBXBuildFile; fileRef = AE8C4EBF1876049400F23661 /* StoreKit.framework */; };
		AE8C4EC418760D2300F23661 /* libz.1.1.3.dylib in Frameworks */ = {isa = PBXBuildFile; fileRef = AE8C4EC318760D2300F23661 /* libz.1.1.3.dylib */; };
		AE9CC80E1876124F00A6E61D /* BlurryModalSegue.m in Sources */ = {isa = PBXBuildFile; fileRef = AE9CC8051876124F00A6E61D /* BlurryModalSegue.m */; };
		AE9CC80F1876124F00A6E61D /* MZAppearance.m in Sources */ = {isa = PBXBuildFile; fileRef = AE9CC8071876124F00A6E61D /* MZAppearance.m */; };
		AE9CC8101876124F00A6E61D /* NSInvocation+Copy.m in Sources */ = {isa = PBXBuildFile; fileRef = AE9CC8091876124F00A6E61D /* NSInvocation+Copy.m */; };
		AE9CC8111876124F00A6E61D /* UIImage+BlurredFrame.m in Sources */ = {isa = PBXBuildFile; fileRef = AE9CC80B1876124F00A6E61D /* UIImage+BlurredFrame.m */; };
		AE9CC8121876124F00A6E61D /* UIImage+ImageEffects.m in Sources */ = {isa = PBXBuildFile; fileRef = AE9CC80D1876124F00A6E61D /* UIImage+ImageEffects.m */; };
		AE9CC8181876279900A6E61D /* HomeViewController.m in Sources */ = {isa = PBXBuildFile; fileRef = AE9CC8171876279900A6E61D /* HomeViewController.m */; };
		AE9CC81E1876480E00A6E61D /* MHTextField.m in Sources */ = {isa = PBXBuildFile; fileRef = AE9CC81D1876480E00A6E61D /* MHTextField.m */; };
		AE9CC8251876665300A6E61D /* TPKeyboardAvoidingScrollView.m in Sources */ = {isa = PBXBuildFile; fileRef = AE9CC8221876665300A6E61D /* TPKeyboardAvoidingScrollView.m */; };
		AE9CC8261876665300A6E61D /* UIScrollView+TPKeyboardAvoidingAdditions.m in Sources */ = {isa = PBXBuildFile; fileRef = AE9CC8241876665300A6E61D /* UIScrollView+TPKeyboardAvoidingAdditions.m */; };
		AE9CC83E1877641D00A6E61D /* TGRImageViewController.m in Sources */ = {isa = PBXBuildFile; fileRef = AE9CC8381877641D00A6E61D /* TGRImageViewController.m */; };
		AE9CC83F1877641D00A6E61D /* TGRImageViewController.xib in Resources */ = {isa = PBXBuildFile; fileRef = AE9CC8391877641D00A6E61D /* TGRImageViewController.xib */; };
		AE9CC8401877641D00A6E61D /* TGRImageZoomAnimationController.m in Sources */ = {isa = PBXBuildFile; fileRef = AE9CC83B1877641D00A6E61D /* TGRImageZoomAnimationController.m */; };
		AE9CC8411877641D00A6E61D /* UIImage+AspectFit.m in Sources */ = {isa = PBXBuildFile; fileRef = AE9CC83D1877641D00A6E61D /* UIImage+AspectFit.m */; };
		AE9CC8441877D12000A6E61D /* APAvatarImageView.m in Sources */ = {isa = PBXBuildFile; fileRef = AE9CC8431877D12000A6E61D /* APAvatarImageView.m */; };
		AE9CC8491878BABE00A6E61D /* UIImage+Resize.m in Sources */ = {isa = PBXBuildFile; fileRef = AE9CC8481878BABE00A6E61D /* UIImage+Resize.m */; };
		AE9CC84C1878BC4A00A6E61D /* UIImage+RoundedCorner.m in Sources */ = {isa = PBXBuildFile; fileRef = AE9CC84B1878BC4A00A6E61D /* UIImage+RoundedCorner.m */; };
		AE9CC84F1878BC7000A6E61D /* UIImage+Alpha.m in Sources */ = {isa = PBXBuildFile; fileRef = AE9CC84E1878BC7000A6E61D /* UIImage+Alpha.m */; };
		AE9CC8521879389500A6E61D /* PostViewController.m in Sources */ = {isa = PBXBuildFile; fileRef = AE9CC8511879389500A6E61D /* PostViewController.m */; };
		AEEC216D1888853C00D1E234 /* Accelerate.framework in Frameworks */ = {isa = PBXBuildFile; fileRef = AEEC216C1888853C00D1E234 /* Accelerate.framework */; };
		AEEC2175188885AE00D1E234 /* UIImage+Blur.m in Sources */ = {isa = PBXBuildFile; fileRef = AEEC216F188885AE00D1E234 /* UIImage+Blur.m */; };
		AEEC2176188885AE00D1E234 /* UIImage+ImageWithColor.m in Sources */ = {isa = PBXBuildFile; fileRef = AEEC2171188885AE00D1E234 /* UIImage+ImageWithColor.m */; };
		AEEC2177188885AE00D1E234 /* UIImage+Screenshot.m in Sources */ = {isa = PBXBuildFile; fileRef = AEEC2173188885AE00D1E234 /* UIImage+Screenshot.m */; };
		AEEC217C188885D800D1E234 /* NZAlertView.m in Sources */ = {isa = PBXBuildFile; fileRef = AEEC217A188885D800D1E234 /* NZAlertView.m */; };
		AEEC217D188885D800D1E234 /* NZAlertView-Icons.bundle in Resources */ = {isa = PBXBuildFile; fileRef = AEEC217B188885D800D1E234 /* NZAlertView-Icons.bundle */; };
		AEEC2180188885ED00D1E234 /* UIColor+StyleColor.m in Sources */ = {isa = PBXBuildFile; fileRef = AEEC217F188885ED00D1E234 /* UIColor+StyleColor.m */; };
		AEEC21831888860800D1E234 /* NZAlertView.xib in Resources */ = {isa = PBXBuildFile; fileRef = AEEC21821888860800D1E234 /* NZAlertView.xib */; };
		AEEC21861888998300D1E234 /* DCModalSegue.m in Sources */ = {isa = PBXBuildFile; fileRef = AEEC21851888998300D1E234 /* DCModalSegue.m */; };
		AEF150DD1884B9EC00334A15 /* Singleton.m in Sources */ = {isa = PBXBuildFile; fileRef = AEF150DC1884B9EC00334A15 /* Singleton.m */; };
		AEF150E41885B5AF00334A15 /* DetailPostViewController.m in Sources */ = {isa = PBXBuildFile; fileRef = AEF150E31885B5AF00334A15 /* DetailPostViewController.m */; };
		AEF150E8188603C200334A15 /* CDAnnotation.m in Sources */ = {isa = PBXBuildFile; fileRef = AEF150E7188603C200334A15 /* CDAnnotation.m */; };
		AEF150EA188648D000334A15 /* AddressBook.framework in Frameworks */ = {isa = PBXBuildFile; fileRef = AEF150E9188648D000334A15 /* AddressBook.framework */; };
		AEF150EC18864DAB00334A15 /* AddressBookUI.framework in Frameworks */ = {isa = PBXBuildFile; fileRef = AEF150EB18864DAB00334A15 /* AddressBookUI.framework */; };
		AEFBD3ED1883C94A00548EF7 /* AFHTTPRequestOperation.m in Sources */ = {isa = PBXBuildFile; fileRef = AEFBD3DB1883C94A00548EF7 /* AFHTTPRequestOperation.m */; };
		AEFBD3EE1883C94A00548EF7 /* AFHTTPRequestOperationManager.m in Sources */ = {isa = PBXBuildFile; fileRef = AEFBD3DD1883C94A00548EF7 /* AFHTTPRequestOperationManager.m */; };
		AEFBD3EF1883C94A00548EF7 /* AFHTTPSessionManager.m in Sources */ = {isa = PBXBuildFile; fileRef = AEFBD3DF1883C94A00548EF7 /* AFHTTPSessionManager.m */; };
		AEFBD3F01883C94A00548EF7 /* AFNetworkReachabilityManager.m in Sources */ = {isa = PBXBuildFile; fileRef = AEFBD3E21883C94A00548EF7 /* AFNetworkReachabilityManager.m */; };
		AEFBD3F11883C94A00548EF7 /* AFSecurityPolicy.m in Sources */ = {isa = PBXBuildFile; fileRef = AEFBD3E41883C94A00548EF7 /* AFSecurityPolicy.m */; };
		AEFBD3F21883C94A00548EF7 /* AFURLConnectionOperation.m in Sources */ = {isa = PBXBuildFile; fileRef = AEFBD3E61883C94A00548EF7 /* AFURLConnectionOperation.m */; };
		AEFBD3F31883C94A00548EF7 /* AFURLRequestSerialization.m in Sources */ = {isa = PBXBuildFile; fileRef = AEFBD3E81883C94A00548EF7 /* AFURLRequestSerialization.m */; };
		AEFBD3F41883C94A00548EF7 /* AFURLResponseSerialization.m in Sources */ = {isa = PBXBuildFile; fileRef = AEFBD3EA1883C94A00548EF7 /* AFURLResponseSerialization.m */; };
		AEFBD3F51883C94A00548EF7 /* AFURLSessionManager.m in Sources */ = {isa = PBXBuildFile; fileRef = AEFBD3EC1883C94A00548EF7 /* AFURLSessionManager.m */; };
		AEFBD4061883C99100548EF7 /* AFNetworkActivityIndicatorManager.m in Sources */ = {isa = PBXBuildFile; fileRef = AEFBD3F81883C99100548EF7 /* AFNetworkActivityIndicatorManager.m */; };
		AEFBD4071883C99100548EF7 /* UIActivityIndicatorView+AFNetworking.m in Sources */ = {isa = PBXBuildFile; fileRef = AEFBD3FA1883C99100548EF7 /* UIActivityIndicatorView+AFNetworking.m */; };
		AEFBD4081883C99100548EF7 /* UIAlertView+AFNetworking.m in Sources */ = {isa = PBXBuildFile; fileRef = AEFBD3FC1883C99100548EF7 /* UIAlertView+AFNetworking.m */; };
		AEFBD4091883C99100548EF7 /* UIButton+AFNetworking.m in Sources */ = {isa = PBXBuildFile; fileRef = AEFBD3FE1883C99100548EF7 /* UIButton+AFNetworking.m */; };
		AEFBD40A1883C99100548EF7 /* UIImageView+AFNetworking.m in Sources */ = {isa = PBXBuildFile; fileRef = AEFBD4001883C99100548EF7 /* UIImageView+AFNetworking.m */; };
		AEFBD40B1883C99100548EF7 /* UIProgressView+AFNetworking.m in Sources */ = {isa = PBXBuildFile; fileRef = AEFBD4031883C99100548EF7 /* UIProgressView+AFNetworking.m */; };
		AEFBD40C1883C99100548EF7 /* UIWebView+AFNetworking.m in Sources */ = {isa = PBXBuildFile; fileRef = AEFBD4051883C99100548EF7 /* UIWebView+AFNetworking.m */; };
		AEFBD40F1883C9F700548EF7 /* NearByPlaceTableViewController.m in Sources */ = {isa = PBXBuildFile; fileRef = AEFBD40E1883C9F700548EF7 /* NearByPlaceTableViewController.m */; };
/* End PBXBuildFile section */

/* Begin PBXContainerItemProxy section */
		AE8C4E93187602DB00F23661 /* PBXContainerItemProxy */ = {
			isa = PBXContainerItemProxy;
			containerPortal = AE8C4E65187602DB00F23661 /* Project object */;
			proxyType = 1;
			remoteGlobalIDString = AE8C4E6C187602DB00F23661;
			remoteInfo = BuddyUp;
		};
/* End PBXContainerItemProxy section */

/* Begin PBXFileReference section */
		AE117780187D3E30003CE39E /* MapKit.framework */ = {isa = PBXFileReference; lastKnownFileType = wrapper.framework; name = MapKit.framework; path = System/Library/Frameworks/MapKit.framework; sourceTree = SDKROOT; };
		AE1E9AE0187B3FFD0021E629 /* RMDateSelectionViewController.h */ = {isa = PBXFileReference; fileEncoding = 4; lastKnownFileType = sourcecode.c.h; path = RMDateSelectionViewController.h; sourceTree = "<group>"; };
		AE1E9AE1187B3FFD0021E629 /* RMDateSelectionViewController.m */ = {isa = PBXFileReference; fileEncoding = 4; lastKnownFileType = sourcecode.c.objc; path = RMDateSelectionViewController.m; sourceTree = "<group>"; };
		AE1E9AE4187BD09D0021E629 /* HMSegmentedControl.h */ = {isa = PBXFileReference; fileEncoding = 4; lastKnownFileType = sourcecode.c.h; path = HMSegmentedControl.h; sourceTree = "<group>"; };
		AE1E9AE5187BD09D0021E629 /* HMSegmentedControl.m */ = {isa = PBXFileReference; fileEncoding = 4; lastKnownFileType = sourcecode.c.objc; path = HMSegmentedControl.m; sourceTree = "<group>"; };
		AE7192851887287300728CFE /* VPImageCropperViewController.h */ = {isa = PBXFileReference; fileEncoding = 4; lastKnownFileType = sourcecode.c.h; path = VPImageCropperViewController.h; sourceTree = "<group>"; };
		AE7192861887287300728CFE /* VPImageCropperViewController.m */ = {isa = PBXFileReference; fileEncoding = 4; lastKnownFileType = sourcecode.c.objc; path = VPImageCropperViewController.m; sourceTree = "<group>"; };
		AE7192881887409700728CFE /* CoreData.framework */ = {isa = PBXFileReference; lastKnownFileType = wrapper.framework; name = CoreData.framework; path = System/Library/Frameworks/CoreData.framework; sourceTree = SDKROOT; };
		AE71928A188740AC00728CFE /* libicucore.dylib */ = {isa = PBXFileReference; lastKnownFileType = "compiled.mach-o.dylib"; name = libicucore.dylib; path = usr/lib/libicucore.dylib; sourceTree = SDKROOT; };
		AE71928C188740BD00728CFE /* CoreTelephony.framework */ = {isa = PBXFileReference; lastKnownFileType = wrapper.framework; name = CoreTelephony.framework; path = System/Library/Frameworks/CoreTelephony.framework; sourceTree = SDKROOT; };
		AE719290188741C600728CFE /* ChatViewController.h */ = {isa = PBXFileReference; fileEncoding = 4; lastKnownFileType = sourcecode.c.h; path = ChatViewController.h; sourceTree = "<group>"; };
		AE719291188741C600728CFE /* ChatViewController.m */ = {isa = PBXFileReference; fileEncoding = 4; lastKnownFileType = sourcecode.c.objc; path = ChatViewController.m; sourceTree = "<group>"; };
		AE7741E71887B277002A0E96 /* PersonalDetailViewController.h */ = {isa = PBXFileReference; fileEncoding = 4; lastKnownFileType = sourcecode.c.h; path = PersonalDetailViewController.h; sourceTree = "<group>"; };
		AE7741E81887B277002A0E96 /* PersonalDetailViewController.m */ = {isa = PBXFileReference; fileEncoding = 4; lastKnownFileType = sourcecode.c.objc; path = PersonalDetailViewController.m; sourceTree = "<group>"; };
		AE8730B11881D62D00D5A9C8 /* PostsNearMeViewController.h */ = {isa = PBXFileReference; fileEncoding = 4; lastKnownFileType = sourcecode.c.h; path = PostsNearMeViewController.h; sourceTree = "<group>"; };
		AE8730B21881D62D00D5A9C8 /* PostsNearMeViewController.m */ = {isa = PBXFileReference; fileEncoding = 4; lastKnownFileType = sourcecode.c.objc; path = PostsNearMeViewController.m; sourceTree = "<group>"; };
		AE8730B5188225D900D5A9C8 /* CDPosts.h */ = {isa = PBXFileReference; fileEncoding = 4; lastKnownFileType = sourcecode.c.h; path = CDPosts.h; sourceTree = "<group>"; };
		AE8730B6188225D900D5A9C8 /* CDPosts.m */ = {isa = PBXFileReference; fileEncoding = 4; lastKnownFileType = sourcecode.c.objc; path = CDPosts.m; sourceTree = "<group>"; };
		AE8730B91882304100D5A9C8 /* UITableView+Frames.h */ = {isa = PBXFileReference; fileEncoding = 4; lastKnownFileType = sourcecode.c.h; path = "UITableView+Frames.h"; sourceTree = "<group>"; };
		AE8730BA1882304100D5A9C8 /* UITableView+Frames.m */ = {isa = PBXFileReference; fileEncoding = 4; lastKnownFileType = sourcecode.c.objc; path = "UITableView+Frames.m"; sourceTree = "<group>"; };
		AE8730BC1882336D00D5A9C8 /* CDCustomCell.h */ = {isa = PBXFileReference; fileEncoding = 4; lastKnownFileType = sourcecode.c.h; path = CDCustomCell.h; sourceTree = "<group>"; };
		AE8730BD1882336D00D5A9C8 /* CDCustomCell.m */ = {isa = PBXFileReference; fileEncoding = 4; lastKnownFileType = sourcecode.c.objc; path = CDCustomCell.m; sourceTree = "<group>"; };
		AE8730C118825C1600D5A9C8 /* ActivityViewController.h */ = {isa = PBXFileReference; fileEncoding = 4; lastKnownFileType = sourcecode.c.h; path = ActivityViewController.h; sourceTree = "<group>"; };
		AE8730C218825C1600D5A9C8 /* ActivityViewController.m */ = {isa = PBXFileReference; fileEncoding = 4; lastKnownFileType = sourcecode.c.objc; path = ActivityViewController.m; sourceTree = "<group>"; };
		AE8C4E6D187602DB00F23661 /* BuddyUp.app */ = {isa = PBXFileReference; explicitFileType = wrapper.application; includeInIndex = 0; path = BuddyUp.app; sourceTree = BUILT_PRODUCTS_DIR; };
		AE8C4E70187602DB00F23661 /* Foundation.framework */ = {isa = PBXFileReference; lastKnownFileType = wrapper.framework; name = Foundation.framework; path = System/Library/Frameworks/Foundation.framework; sourceTree = SDKROOT; };
		AE8C4E72187602DB00F23661 /* CoreGraphics.framework */ = {isa = PBXFileReference; lastKnownFileType = wrapper.framework; name = CoreGraphics.framework; path = System/Library/Frameworks/CoreGraphics.framework; sourceTree = SDKROOT; };
		AE8C4E74187602DB00F23661 /* UIKit.framework */ = {isa = PBXFileReference; lastKnownFileType = wrapper.framework; name = UIKit.framework; path = System/Library/Frameworks/UIKit.framework; sourceTree = SDKROOT; };
		AE8C4E78187602DB00F23661 /* BuddyUp-Info.plist */ = {isa = PBXFileReference; lastKnownFileType = text.plist.xml; path = "BuddyUp-Info.plist"; sourceTree = "<group>"; };
		AE8C4E7A187602DB00F23661 /* en */ = {isa = PBXFileReference; lastKnownFileType = text.plist.strings; name = en; path = en.lproj/InfoPlist.strings; sourceTree = "<group>"; };
		AE8C4E7C187602DB00F23661 /* main.m */ = {isa = PBXFileReference; lastKnownFileType = sourcecode.c.objc; path = main.m; sourceTree = "<group>"; };
		AE8C4E7E187602DB00F23661 /* BuddyUp-Prefix.pch */ = {isa = PBXFileReference; lastKnownFileType = sourcecode.c.h; path = "BuddyUp-Prefix.pch"; sourceTree = "<group>"; };
		AE8C4E7F187602DB00F23661 /* CDAppDelegate.h */ = {isa = PBXFileReference; lastKnownFileType = sourcecode.c.h; path = CDAppDelegate.h; sourceTree = "<group>"; };
		AE8C4E80187602DB00F23661 /* CDAppDelegate.m */ = {isa = PBXFileReference; lastKnownFileType = sourcecode.c.objc; path = CDAppDelegate.m; sourceTree = "<group>"; };
		AE8C4E83187602DB00F23661 /* Base */ = {isa = PBXFileReference; lastKnownFileType = file.storyboard; name = Base; path = Base.lproj/Main.storyboard; sourceTree = "<group>"; };
		AE8C4E85187602DB00F23661 /* CDViewController.h */ = {isa = PBXFileReference; lastKnownFileType = sourcecode.c.h; path = CDViewController.h; sourceTree = "<group>"; };
		AE8C4E86187602DB00F23661 /* CDViewController.m */ = {isa = PBXFileReference; lastKnownFileType = sourcecode.c.objc; path = CDViewController.m; sourceTree = "<group>"; };
		AE8C4E88187602DB00F23661 /* Images.xcassets */ = {isa = PBXFileReference; lastKnownFileType = folder.assetcatalog; path = Images.xcassets; sourceTree = "<group>"; };
		AE8C4E8E187602DB00F23661 /* BuddyUpTests.xctest */ = {isa = PBXFileReference; explicitFileType = wrapper.cfbundle; includeInIndex = 0; path = BuddyUpTests.xctest; sourceTree = BUILT_PRODUCTS_DIR; };
		AE8C4E8F187602DB00F23661 /* XCTest.framework */ = {isa = PBXFileReference; lastKnownFileType = wrapper.framework; name = XCTest.framework; path = Library/Frameworks/XCTest.framework; sourceTree = DEVELOPER_DIR; };
		AE8C4E97187602DB00F23661 /* BuddyUpTests-Info.plist */ = {isa = PBXFileReference; lastKnownFileType = text.plist.xml; path = "BuddyUpTests-Info.plist"; sourceTree = "<group>"; };
		AE8C4E99187602DB00F23661 /* en */ = {isa = PBXFileReference; lastKnownFileType = text.plist.strings; name = en; path = en.lproj/InfoPlist.strings; sourceTree = "<group>"; };
		AE8C4E9B187602DB00F23661 /* BuddyUpTests.m */ = {isa = PBXFileReference; lastKnownFileType = sourcecode.c.objc; path = BuddyUpTests.m; sourceTree = "<group>"; };
		AE8C4EA51876039300F23661 /* LoginViewController.h */ = {isa = PBXFileReference; fileEncoding = 4; lastKnownFileType = sourcecode.c.h; path = LoginViewController.h; sourceTree = "<group>"; };
		AE8C4EA61876039300F23661 /* LoginViewController.m */ = {isa = PBXFileReference; fileEncoding = 4; lastKnownFileType = sourcecode.c.objc; path = LoginViewController.m; sourceTree = "<group>"; };
		AE8C4EA71876039300F23661 /* WelcomeViewController.h */ = {isa = PBXFileReference; fileEncoding = 4; lastKnownFileType = sourcecode.c.h; path = WelcomeViewController.h; sourceTree = "<group>"; };
		AE8C4EA81876039300F23661 /* WelcomeViewController.m */ = {isa = PBXFileReference; fileEncoding = 4; lastKnownFileType = sourcecode.c.objc; path = WelcomeViewController.m; sourceTree = "<group>"; };
		AE8C4EA91876039300F23661 /* SignUpViewController.h */ = {isa = PBXFileReference; fileEncoding = 4; lastKnownFileType = sourcecode.c.h; path = SignUpViewController.h; sourceTree = "<group>"; };
		AE8C4EAA1876039300F23661 /* SignUpViewController.m */ = {isa = PBXFileReference; fileEncoding = 4; lastKnownFileType = sourcecode.c.objc; path = SignUpViewController.m; sourceTree = "<group>"; };
		AE8C4EAF187603F700F23661 /* SystemConfiguration.framework */ = {isa = PBXFileReference; lastKnownFileType = wrapper.framework; name = SystemConfiguration.framework; path = System/Library/Frameworks/SystemConfiguration.framework; sourceTree = SDKROOT; };
		AE8C4EB11876041100F23661 /* Parse.framework */ = {isa = PBXFileReference; lastKnownFileType = wrapper.framework; name = Parse.framework; path = ../Parse.framework; sourceTree = "<group>"; };
		AE8C4EB31876041700F23661 /* QuartzCore.framework */ = {isa = PBXFileReference; lastKnownFileType = wrapper.framework; name = QuartzCore.framework; path = System/Library/Frameworks/QuartzCore.framework; sourceTree = SDKROOT; };
		AE8C4EB51876042300F23661 /* AudioToolbox.framework */ = {isa = PBXFileReference; lastKnownFileType = wrapper.framework; name = AudioToolbox.framework; path = System/Library/Frameworks/AudioToolbox.framework; sourceTree = SDKROOT; };
		AE8C4EB71876042800F23661 /* CFNetwork.framework */ = {isa = PBXFileReference; lastKnownFileType = wrapper.framework; name = CFNetwork.framework; path = System/Library/Frameworks/CFNetwork.framework; sourceTree = SDKROOT; };
		AE8C4EB91876043100F23661 /* CoreLocation.framework */ = {isa = PBXFileReference; lastKnownFileType = wrapper.framework; name = CoreLocation.framework; path = System/Library/Frameworks/CoreLocation.framework; sourceTree = SDKROOT; };
		AE8C4EBB1876043B00F23661 /* MobileCoreServices.framework */ = {isa = PBXFileReference; lastKnownFileType = wrapper.framework; name = MobileCoreServices.framework; path = System/Library/Frameworks/MobileCoreServices.framework; sourceTree = SDKROOT; };
		AE8C4EBD1876044100F23661 /* Security.framework */ = {isa = PBXFileReference; lastKnownFileType = wrapper.framework; name = Security.framework; path = System/Library/Frameworks/Security.framework; sourceTree = SDKROOT; };
		AE8C4EBF1876049400F23661 /* StoreKit.framework */ = {isa = PBXFileReference; lastKnownFileType = wrapper.framework; name = StoreKit.framework; path = System/Library/Frameworks/StoreKit.framework; sourceTree = SDKROOT; };
		AE8C4EC318760D2300F23661 /* libz.1.1.3.dylib */ = {isa = PBXFileReference; lastKnownFileType = "compiled.mach-o.dylib"; name = libz.1.1.3.dylib; path = usr/lib/libz.1.1.3.dylib; sourceTree = SDKROOT; };
		AE9CC8041876124F00A6E61D /* BlurryModalSegue.h */ = {isa = PBXFileReference; fileEncoding = 4; lastKnownFileType = sourcecode.c.h; path = BlurryModalSegue.h; sourceTree = "<group>"; };
		AE9CC8051876124F00A6E61D /* BlurryModalSegue.m */ = {isa = PBXFileReference; fileEncoding = 4; lastKnownFileType = sourcecode.c.objc; path = BlurryModalSegue.m; sourceTree = "<group>"; };
		AE9CC8061876124F00A6E61D /* MZAppearance.h */ = {isa = PBXFileReference; fileEncoding = 4; lastKnownFileType = sourcecode.c.h; path = MZAppearance.h; sourceTree = "<group>"; };
		AE9CC8071876124F00A6E61D /* MZAppearance.m */ = {isa = PBXFileReference; fileEncoding = 4; lastKnownFileType = sourcecode.c.objc; path = MZAppearance.m; sourceTree = "<group>"; };
		AE9CC8081876124F00A6E61D /* NSInvocation+Copy.h */ = {isa = PBXFileReference; fileEncoding = 4; lastKnownFileType = sourcecode.c.h; path = "NSInvocation+Copy.h"; sourceTree = "<group>"; };
		AE9CC8091876124F00A6E61D /* NSInvocation+Copy.m */ = {isa = PBXFileReference; fileEncoding = 4; lastKnownFileType = sourcecode.c.objc; path = "NSInvocation+Copy.m"; sourceTree = "<group>"; };
		AE9CC80A1876124F00A6E61D /* UIImage+BlurredFrame.h */ = {isa = PBXFileReference; fileEncoding = 4; lastKnownFileType = sourcecode.c.h; path = "UIImage+BlurredFrame.h"; sourceTree = "<group>"; };
		AE9CC80B1876124F00A6E61D /* UIImage+BlurredFrame.m */ = {isa = PBXFileReference; fileEncoding = 4; lastKnownFileType = sourcecode.c.objc; path = "UIImage+BlurredFrame.m"; sourceTree = "<group>"; };
		AE9CC80C1876124F00A6E61D /* UIImage+ImageEffects.h */ = {isa = PBXFileReference; fileEncoding = 4; lastKnownFileType = sourcecode.c.h; path = "UIImage+ImageEffects.h"; sourceTree = "<group>"; };
		AE9CC80D1876124F00A6E61D /* UIImage+ImageEffects.m */ = {isa = PBXFileReference; fileEncoding = 4; lastKnownFileType = sourcecode.c.objc; path = "UIImage+ImageEffects.m"; sourceTree = "<group>"; };
		AE9CC8161876279900A6E61D /* HomeViewController.h */ = {isa = PBXFileReference; fileEncoding = 4; lastKnownFileType = sourcecode.c.h; path = HomeViewController.h; sourceTree = "<group>"; };
		AE9CC8171876279900A6E61D /* HomeViewController.m */ = {isa = PBXFileReference; fileEncoding = 4; lastKnownFileType = sourcecode.c.objc; path = HomeViewController.m; sourceTree = "<group>"; };
		AE9CC81C1876480E00A6E61D /* MHTextField.h */ = {isa = PBXFileReference; fileEncoding = 4; lastKnownFileType = sourcecode.c.h; path = MHTextField.h; sourceTree = "<group>"; };
		AE9CC81D1876480E00A6E61D /* MHTextField.m */ = {isa = PBXFileReference; fileEncoding = 4; lastKnownFileType = sourcecode.c.objc; path = MHTextField.m; sourceTree = "<group>"; };
		AE9CC8211876665300A6E61D /* TPKeyboardAvoidingScrollView.h */ = {isa = PBXFileReference; fileEncoding = 4; lastKnownFileType = sourcecode.c.h; path = TPKeyboardAvoidingScrollView.h; sourceTree = "<group>"; };
		AE9CC8221876665300A6E61D /* TPKeyboardAvoidingScrollView.m */ = {isa = PBXFileReference; fileEncoding = 4; lastKnownFileType = sourcecode.c.objc; path = TPKeyboardAvoidingScrollView.m; sourceTree = "<group>"; };
		AE9CC8231876665300A6E61D /* UIScrollView+TPKeyboardAvoidingAdditions.h */ = {isa = PBXFileReference; fileEncoding = 4; lastKnownFileType = sourcecode.c.h; path = "UIScrollView+TPKeyboardAvoidingAdditions.h"; sourceTree = "<group>"; };
		AE9CC8241876665300A6E61D /* UIScrollView+TPKeyboardAvoidingAdditions.m */ = {isa = PBXFileReference; fileEncoding = 4; lastKnownFileType = sourcecode.c.objc; path = "UIScrollView+TPKeyboardAvoidingAdditions.m"; sourceTree = "<group>"; };
		AE9CC8371877641D00A6E61D /* TGRImageViewController.h */ = {isa = PBXFileReference; fileEncoding = 4; lastKnownFileType = sourcecode.c.h; path = TGRImageViewController.h; sourceTree = "<group>"; };
		AE9CC8381877641D00A6E61D /* TGRImageViewController.m */ = {isa = PBXFileReference; fileEncoding = 4; lastKnownFileType = sourcecode.c.objc; path = TGRImageViewController.m; sourceTree = "<group>"; };
		AE9CC8391877641D00A6E61D /* TGRImageViewController.xib */ = {isa = PBXFileReference; fileEncoding = 4; lastKnownFileType = file.xib; path = TGRImageViewController.xib; sourceTree = "<group>"; };
		AE9CC83A1877641D00A6E61D /* TGRImageZoomAnimationController.h */ = {isa = PBXFileReference; fileEncoding = 4; lastKnownFileType = sourcecode.c.h; path = TGRImageZoomAnimationController.h; sourceTree = "<group>"; };
		AE9CC83B1877641D00A6E61D /* TGRImageZoomAnimationController.m */ = {isa = PBXFileReference; fileEncoding = 4; lastKnownFileType = sourcecode.c.objc; path = TGRImageZoomAnimationController.m; sourceTree = "<group>"; };
		AE9CC83C1877641D00A6E61D /* UIImage+AspectFit.h */ = {isa = PBXFileReference; fileEncoding = 4; lastKnownFileType = sourcecode.c.h; path = "UIImage+AspectFit.h"; sourceTree = "<group>"; };
		AE9CC83D1877641D00A6E61D /* UIImage+AspectFit.m */ = {isa = PBXFileReference; fileEncoding = 4; lastKnownFileType = sourcecode.c.objc; path = "UIImage+AspectFit.m"; sourceTree = "<group>"; };
		AE9CC8421877D12000A6E61D /* APAvatarImageView.h */ = {isa = PBXFileReference; fileEncoding = 4; lastKnownFileType = sourcecode.c.h; path = APAvatarImageView.h; sourceTree = "<group>"; };
		AE9CC8431877D12000A6E61D /* APAvatarImageView.m */ = {isa = PBXFileReference; fileEncoding = 4; lastKnownFileType = sourcecode.c.objc; path = APAvatarImageView.m; sourceTree = "<group>"; };
		AE9CC8471878BABE00A6E61D /* UIImage+Resize.h */ = {isa = PBXFileReference; fileEncoding = 4; lastKnownFileType = sourcecode.c.h; path = "UIImage+Resize.h"; sourceTree = "<group>"; };
		AE9CC8481878BABE00A6E61D /* UIImage+Resize.m */ = {isa = PBXFileReference; fileEncoding = 4; lastKnownFileType = sourcecode.c.objc; path = "UIImage+Resize.m"; sourceTree = "<group>"; };
		AE9CC84A1878BC4A00A6E61D /* UIImage+RoundedCorner.h */ = {isa = PBXFileReference; fileEncoding = 4; lastKnownFileType = sourcecode.c.h; path = "UIImage+RoundedCorner.h"; sourceTree = "<group>"; };
		AE9CC84B1878BC4A00A6E61D /* UIImage+RoundedCorner.m */ = {isa = PBXFileReference; fileEncoding = 4; lastKnownFileType = sourcecode.c.objc; path = "UIImage+RoundedCorner.m"; sourceTree = "<group>"; };
		AE9CC84D1878BC7000A6E61D /* UIImage+Alpha.h */ = {isa = PBXFileReference; fileEncoding = 4; lastKnownFileType = sourcecode.c.h; path = "UIImage+Alpha.h"; sourceTree = "<group>"; };
		AE9CC84E1878BC7000A6E61D /* UIImage+Alpha.m */ = {isa = PBXFileReference; fileEncoding = 4; lastKnownFileType = sourcecode.c.objc; path = "UIImage+Alpha.m"; sourceTree = "<group>"; };
		AE9CC8501879389500A6E61D /* PostViewController.h */ = {isa = PBXFileReference; fileEncoding = 4; lastKnownFileType = sourcecode.c.h; path = PostViewController.h; sourceTree = "<group>"; };
		AE9CC8511879389500A6E61D /* PostViewController.m */ = {isa = PBXFileReference; fileEncoding = 4; lastKnownFileType = sourcecode.c.objc; path = PostViewController.m; sourceTree = "<group>"; };
		AEEC216C1888853C00D1E234 /* Accelerate.framework */ = {isa = PBXFileReference; lastKnownFileType = wrapper.framework; name = Accelerate.framework; path = System/Library/Frameworks/Accelerate.framework; sourceTree = SDKROOT; };
		AEEC216E188885AE00D1E234 /* UIImage+Blur.h */ = {isa = PBXFileReference; fileEncoding = 4; lastKnownFileType = sourcecode.c.h; path = "UIImage+Blur.h"; sourceTree = "<group>"; };
		AEEC216F188885AE00D1E234 /* UIImage+Blur.m */ = {isa = PBXFileReference; fileEncoding = 4; lastKnownFileType = sourcecode.c.objc; path = "UIImage+Blur.m"; sourceTree = "<group>"; };
		AEEC2170188885AE00D1E234 /* UIImage+ImageWithColor.h */ = {isa = PBXFileReference; fileEncoding = 4; lastKnownFileType = sourcecode.c.h; path = "UIImage+ImageWithColor.h"; sourceTree = "<group>"; };
		AEEC2171188885AE00D1E234 /* UIImage+ImageWithColor.m */ = {isa = PBXFileReference; fileEncoding = 4; lastKnownFileType = sourcecode.c.objc; path = "UIImage+ImageWithColor.m"; sourceTree = "<group>"; };
		AEEC2172188885AE00D1E234 /* UIImage+Screenshot.h */ = {isa = PBXFileReference; fileEncoding = 4; lastKnownFileType = sourcecode.c.h; path = "UIImage+Screenshot.h"; sourceTree = "<group>"; };
		AEEC2173188885AE00D1E234 /* UIImage+Screenshot.m */ = {isa = PBXFileReference; fileEncoding = 4; lastKnownFileType = sourcecode.c.objc; path = "UIImage+Screenshot.m"; sourceTree = "<group>"; };
		AEEC2174188885AE00D1E234 /* UIImage-Helpers.h */ = {isa = PBXFileReference; fileEncoding = 4; lastKnownFileType = sourcecode.c.h; path = "UIImage-Helpers.h"; sourceTree = "<group>"; };
		AEEC2179188885D800D1E234 /* NZAlertView.h */ = {isa = PBXFileReference; fileEncoding = 4; lastKnownFileType = sourcecode.c.h; path = NZAlertView.h; sourceTree = "<group>"; };
		AEEC217A188885D800D1E234 /* NZAlertView.m */ = {isa = PBXFileReference; fileEncoding = 4; lastKnownFileType = sourcecode.c.objc; path = NZAlertView.m; sourceTree = "<group>"; };
		AEEC217B188885D800D1E234 /* NZAlertView-Icons.bundle */ = {isa = PBXFileReference; lastKnownFileType = "wrapper.plug-in"; path = "NZAlertView-Icons.bundle"; sourceTree = "<group>"; };
		AEEC217E188885ED00D1E234 /* UIColor+StyleColor.h */ = {isa = PBXFileReference; fileEncoding = 4; lastKnownFileType = sourcecode.c.h; path = "UIColor+StyleColor.h"; sourceTree = "<group>"; };
		AEEC217F188885ED00D1E234 /* UIColor+StyleColor.m */ = {isa = PBXFileReference; fileEncoding = 4; lastKnownFileType = sourcecode.c.objc; path = "UIColor+StyleColor.m"; sourceTree = "<group>"; };
		AEEC21811888860200D1E234 /* NZAlertViewDelegate.h */ = {isa = PBXFileReference; lastKnownFileType = sourcecode.c.h; path = NZAlertViewDelegate.h; sourceTree = "<group>"; };
		AEEC21821888860800D1E234 /* NZAlertView.xib */ = {isa = PBXFileReference; fileEncoding = 4; lastKnownFileType = file.xib; path = NZAlertView.xib; sourceTree = "<group>"; };
		AEEC21841888998300D1E234 /* DCModalSegue.h */ = {isa = PBXFileReference; fileEncoding = 4; lastKnownFileType = sourcecode.c.h; path = DCModalSegue.h; sourceTree = "<group>"; };
		AEEC21851888998300D1E234 /* DCModalSegue.m */ = {isa = PBXFileReference; fileEncoding = 4; lastKnownFileType = sourcecode.c.objc; path = DCModalSegue.m; sourceTree = "<group>"; };
		AEF150DB1884B9EC00334A15 /* Singleton.h */ = {isa = PBXFileReference; fileEncoding = 4; lastKnownFileType = sourcecode.c.h; path = Singleton.h; sourceTree = "<group>"; };
		AEF150DC1884B9EC00334A15 /* Singleton.m */ = {isa = PBXFileReference; fileEncoding = 4; lastKnownFileType = sourcecode.c.objc; path = Singleton.m; sourceTree = "<group>"; };
		AEF150E21885B5AF00334A15 /* DetailPostViewController.h */ = {isa = PBXFileReference; fileEncoding = 4; lastKnownFileType = sourcecode.c.h; path = DetailPostViewController.h; sourceTree = "<group>"; };
		AEF150E31885B5AF00334A15 /* DetailPostViewController.m */ = {isa = PBXFileReference; fileEncoding = 4; lastKnownFileType = sourcecode.c.objc; path = DetailPostViewController.m; sourceTree = "<group>"; };
		AEF150E6188603C200334A15 /* CDAnnotation.h */ = {isa = PBXFileReference; fileEncoding = 4; lastKnownFileType = sourcecode.c.h; path = CDAnnotation.h; sourceTree = "<group>"; };
		AEF150E7188603C200334A15 /* CDAnnotation.m */ = {isa = PBXFileReference; fileEncoding = 4; lastKnownFileType = sourcecode.c.objc; path = CDAnnotation.m; sourceTree = "<group>"; };
		AEF150E9188648D000334A15 /* AddressBook.framework */ = {isa = PBXFileReference; lastKnownFileType = wrapper.framework; name = AddressBook.framework; path = System/Library/Frameworks/AddressBook.framework; sourceTree = SDKROOT; };
		AEF150EB18864DAB00334A15 /* AddressBookUI.framework */ = {isa = PBXFileReference; lastKnownFileType = wrapper.framework; name = AddressBookUI.framework; path = System/Library/Frameworks/AddressBookUI.framework; sourceTree = SDKROOT; };
		AEFBD3DA1883C94A00548EF7 /* AFHTTPRequestOperation.h */ = {isa = PBXFileReference; fileEncoding = 4; lastKnownFileType = sourcecode.c.h; path = AFHTTPRequestOperation.h; sourceTree = "<group>"; };
		AEFBD3DB1883C94A00548EF7 /* AFHTTPRequestOperation.m */ = {isa = PBXFileReference; fileEncoding = 4; lastKnownFileType = sourcecode.c.objc; path = AFHTTPRequestOperation.m; sourceTree = "<group>"; };
		AEFBD3DC1883C94A00548EF7 /* AFHTTPRequestOperationManager.h */ = {isa = PBXFileReference; fileEncoding = 4; lastKnownFileType = sourcecode.c.h; path = AFHTTPRequestOperationManager.h; sourceTree = "<group>"; };
		AEFBD3DD1883C94A00548EF7 /* AFHTTPRequestOperationManager.m */ = {isa = PBXFileReference; fileEncoding = 4; lastKnownFileType = sourcecode.c.objc; path = AFHTTPRequestOperationManager.m; sourceTree = "<group>"; };
		AEFBD3DE1883C94A00548EF7 /* AFHTTPSessionManager.h */ = {isa = PBXFileReference; fileEncoding = 4; lastKnownFileType = sourcecode.c.h; path = AFHTTPSessionManager.h; sourceTree = "<group>"; };
		AEFBD3DF1883C94A00548EF7 /* AFHTTPSessionManager.m */ = {isa = PBXFileReference; fileEncoding = 4; lastKnownFileType = sourcecode.c.objc; path = AFHTTPSessionManager.m; sourceTree = "<group>"; };
		AEFBD3E01883C94A00548EF7 /* AFNetworking.h */ = {isa = PBXFileReference; fileEncoding = 4; lastKnownFileType = sourcecode.c.h; path = AFNetworking.h; sourceTree = "<group>"; };
		AEFBD3E11883C94A00548EF7 /* AFNetworkReachabilityManager.h */ = {isa = PBXFileReference; fileEncoding = 4; lastKnownFileType = sourcecode.c.h; path = AFNetworkReachabilityManager.h; sourceTree = "<group>"; };
		AEFBD3E21883C94A00548EF7 /* AFNetworkReachabilityManager.m */ = {isa = PBXFileReference; fileEncoding = 4; lastKnownFileType = sourcecode.c.objc; path = AFNetworkReachabilityManager.m; sourceTree = "<group>"; };
		AEFBD3E31883C94A00548EF7 /* AFSecurityPolicy.h */ = {isa = PBXFileReference; fileEncoding = 4; lastKnownFileType = sourcecode.c.h; path = AFSecurityPolicy.h; sourceTree = "<group>"; };
		AEFBD3E41883C94A00548EF7 /* AFSecurityPolicy.m */ = {isa = PBXFileReference; fileEncoding = 4; lastKnownFileType = sourcecode.c.objc; path = AFSecurityPolicy.m; sourceTree = "<group>"; };
		AEFBD3E51883C94A00548EF7 /* AFURLConnectionOperation.h */ = {isa = PBXFileReference; fileEncoding = 4; lastKnownFileType = sourcecode.c.h; path = AFURLConnectionOperation.h; sourceTree = "<group>"; };
		AEFBD3E61883C94A00548EF7 /* AFURLConnectionOperation.m */ = {isa = PBXFileReference; fileEncoding = 4; lastKnownFileType = sourcecode.c.objc; path = AFURLConnectionOperation.m; sourceTree = "<group>"; };
		AEFBD3E71883C94A00548EF7 /* AFURLRequestSerialization.h */ = {isa = PBXFileReference; fileEncoding = 4; lastKnownFileType = sourcecode.c.h; path = AFURLRequestSerialization.h; sourceTree = "<group>"; };
		AEFBD3E81883C94A00548EF7 /* AFURLRequestSerialization.m */ = {isa = PBXFileReference; fileEncoding = 4; lastKnownFileType = sourcecode.c.objc; path = AFURLRequestSerialization.m; sourceTree = "<group>"; };
		AEFBD3E91883C94A00548EF7 /* AFURLResponseSerialization.h */ = {isa = PBXFileReference; fileEncoding = 4; lastKnownFileType = sourcecode.c.h; path = AFURLResponseSerialization.h; sourceTree = "<group>"; };
		AEFBD3EA1883C94A00548EF7 /* AFURLResponseSerialization.m */ = {isa = PBXFileReference; fileEncoding = 4; lastKnownFileType = sourcecode.c.objc; path = AFURLResponseSerialization.m; sourceTree = "<group>"; };
		AEFBD3EB1883C94A00548EF7 /* AFURLSessionManager.h */ = {isa = PBXFileReference; fileEncoding = 4; lastKnownFileType = sourcecode.c.h; path = AFURLSessionManager.h; sourceTree = "<group>"; };
		AEFBD3EC1883C94A00548EF7 /* AFURLSessionManager.m */ = {isa = PBXFileReference; fileEncoding = 4; lastKnownFileType = sourcecode.c.objc; path = AFURLSessionManager.m; sourceTree = "<group>"; };
		AEFBD3F71883C99100548EF7 /* AFNetworkActivityIndicatorManager.h */ = {isa = PBXFileReference; fileEncoding = 4; lastKnownFileType = sourcecode.c.h; path = AFNetworkActivityIndicatorManager.h; sourceTree = "<group>"; };
		AEFBD3F81883C99100548EF7 /* AFNetworkActivityIndicatorManager.m */ = {isa = PBXFileReference; fileEncoding = 4; lastKnownFileType = sourcecode.c.objc; path = AFNetworkActivityIndicatorManager.m; sourceTree = "<group>"; };
		AEFBD3F91883C99100548EF7 /* UIActivityIndicatorView+AFNetworking.h */ = {isa = PBXFileReference; fileEncoding = 4; lastKnownFileType = sourcecode.c.h; path = "UIActivityIndicatorView+AFNetworking.h"; sourceTree = "<group>"; };
		AEFBD3FA1883C99100548EF7 /* UIActivityIndicatorView+AFNetworking.m */ = {isa = PBXFileReference; fileEncoding = 4; lastKnownFileType = sourcecode.c.objc; path = "UIActivityIndicatorView+AFNetworking.m"; sourceTree = "<group>"; };
		AEFBD3FB1883C99100548EF7 /* UIAlertView+AFNetworking.h */ = {isa = PBXFileReference; fileEncoding = 4; lastKnownFileType = sourcecode.c.h; path = "UIAlertView+AFNetworking.h"; sourceTree = "<group>"; };
		AEFBD3FC1883C99100548EF7 /* UIAlertView+AFNetworking.m */ = {isa = PBXFileReference; fileEncoding = 4; lastKnownFileType = sourcecode.c.objc; path = "UIAlertView+AFNetworking.m"; sourceTree = "<group>"; };
		AEFBD3FD1883C99100548EF7 /* UIButton+AFNetworking.h */ = {isa = PBXFileReference; fileEncoding = 4; lastKnownFileType = sourcecode.c.h; path = "UIButton+AFNetworking.h"; sourceTree = "<group>"; };
		AEFBD3FE1883C99100548EF7 /* UIButton+AFNetworking.m */ = {isa = PBXFileReference; fileEncoding = 4; lastKnownFileType = sourcecode.c.objc; path = "UIButton+AFNetworking.m"; sourceTree = "<group>"; };
		AEFBD3FF1883C99100548EF7 /* UIImageView+AFNetworking.h */ = {isa = PBXFileReference; fileEncoding = 4; lastKnownFileType = sourcecode.c.h; path = "UIImageView+AFNetworking.h"; sourceTree = "<group>"; };
		AEFBD4001883C99100548EF7 /* UIImageView+AFNetworking.m */ = {isa = PBXFileReference; fileEncoding = 4; lastKnownFileType = sourcecode.c.objc; path = "UIImageView+AFNetworking.m"; sourceTree = "<group>"; };
		AEFBD4011883C99100548EF7 /* UIKit+AFNetworking.h */ = {isa = PBXFileReference; fileEncoding = 4; lastKnownFileType = sourcecode.c.h; path = "UIKit+AFNetworking.h"; sourceTree = "<group>"; };
		AEFBD4021883C99100548EF7 /* UIProgressView+AFNetworking.h */ = {isa = PBXFileReference; fileEncoding = 4; lastKnownFileType = sourcecode.c.h; path = "UIProgressView+AFNetworking.h"; sourceTree = "<group>"; };
		AEFBD4031883C99100548EF7 /* UIProgressView+AFNetworking.m */ = {isa = PBXFileReference; fileEncoding = 4; lastKnownFileType = sourcecode.c.objc; path = "UIProgressView+AFNetworking.m"; sourceTree = "<group>"; };
		AEFBD4041883C99100548EF7 /* UIWebView+AFNetworking.h */ = {isa = PBXFileReference; fileEncoding = 4; lastKnownFileType = sourcecode.c.h; path = "UIWebView+AFNetworking.h"; sourceTree = "<group>"; };
		AEFBD4051883C99100548EF7 /* UIWebView+AFNetworking.m */ = {isa = PBXFileReference; fileEncoding = 4; lastKnownFileType = sourcecode.c.objc; path = "UIWebView+AFNetworking.m"; sourceTree = "<group>"; };
		AEFBD40D1883C9F700548EF7 /* NearByPlaceTableViewController.h */ = {isa = PBXFileReference; fileEncoding = 4; lastKnownFileType = sourcecode.c.h; path = NearByPlaceTableViewController.h; sourceTree = "<group>"; };
		AEFBD40E1883C9F700548EF7 /* NearByPlaceTableViewController.m */ = {isa = PBXFileReference; fileEncoding = 4; lastKnownFileType = sourcecode.c.objc; path = NearByPlaceTableViewController.m; sourceTree = "<group>"; };
/* End PBXFileReference section */

/* Begin PBXFrameworksBuildPhase section */
		AE8C4E6A187602DB00F23661 /* Frameworks */ = {
			isa = PBXFrameworksBuildPhase;
			buildActionMask = 2147483647;
			files = (
				AEEC216D1888853C00D1E234 /* Accelerate.framework in Frameworks */,
				AE71928D188740BD00728CFE /* CoreTelephony.framework in Frameworks */,
				AE71928B188740AC00728CFE /* libicucore.dylib in Frameworks */,
				AE7192891887409700728CFE /* CoreData.framework in Frameworks */,
				AEF150EC18864DAB00334A15 /* AddressBookUI.framework in Frameworks */,
				AEF150EA188648D000334A15 /* AddressBook.framework in Frameworks */,
				AE117781187D3E30003CE39E /* MapKit.framework in Frameworks */,
				AE8C4EBA1876043100F23661 /* CoreLocation.framework in Frameworks */,
				AE8C4EB21876041100F23661 /* Parse.framework in Frameworks */,
				AE8C4EC418760D2300F23661 /* libz.1.1.3.dylib in Frameworks */,
				AE8C4EC01876049400F23661 /* StoreKit.framework in Frameworks */,
				AE8C4EBE1876044100F23661 /* Security.framework in Frameworks */,
				AE8C4EBC1876043B00F23661 /* MobileCoreServices.framework in Frameworks */,
				AE8C4EB81876042800F23661 /* CFNetwork.framework in Frameworks */,
				AE8C4EB61876042300F23661 /* AudioToolbox.framework in Frameworks */,
				AE8C4EB41876041700F23661 /* QuartzCore.framework in Frameworks */,
				AE8C4EB0187603F700F23661 /* SystemConfiguration.framework in Frameworks */,
				AE8C4E73187602DB00F23661 /* CoreGraphics.framework in Frameworks */,
				AE8C4E75187602DB00F23661 /* UIKit.framework in Frameworks */,
				AE8C4E71187602DB00F23661 /* Foundation.framework in Frameworks */,
			);
			runOnlyForDeploymentPostprocessing = 0;
		};
		AE8C4E8B187602DB00F23661 /* Frameworks */ = {
			isa = PBXFrameworksBuildPhase;
			buildActionMask = 2147483647;
			files = (
				AE8C4E90187602DB00F23661 /* XCTest.framework in Frameworks */,
				AE8C4E92187602DB00F23661 /* UIKit.framework in Frameworks */,
				AE8C4E91187602DB00F23661 /* Foundation.framework in Frameworks */,
			);
			runOnlyForDeploymentPostprocessing = 0;
		};
/* End PBXFrameworksBuildPhase section */

/* Begin PBXGroup section */
		AE1E9ADF187B3FF10021E629 /* DayPicker */ = {
			isa = PBXGroup;
			children = (
				AE1E9AE0187B3FFD0021E629 /* RMDateSelectionViewController.h */,
				AE1E9AE1187B3FFD0021E629 /* RMDateSelectionViewController.m */,
			);
			name = DayPicker;
			sourceTree = "<group>";
		};
		AE1E9AE3187BD0360021E629 /* Segmented Control */ = {
			isa = PBXGroup;
			children = (
				AE1E9AE4187BD09D0021E629 /* HMSegmentedControl.h */,
				AE1E9AE5187BD09D0021E629 /* HMSegmentedControl.m */,
			);
			name = "Segmented Control";
			sourceTree = "<group>";
		};
		AE8730B41882259600D5A9C8 /* Modal */ = {
			isa = PBXGroup;
			children = (
				AEF150DB1884B9EC00334A15 /* Singleton.h */,
				AEF150DC1884B9EC00334A15 /* Singleton.m */,
				AE8730B5188225D900D5A9C8 /* CDPosts.h */,
				AE8730B6188225D900D5A9C8 /* CDPosts.m */,
				AEF150E6188603C200334A15 /* CDAnnotation.h */,
				AEF150E7188603C200334A15 /* CDAnnotation.m */,
			);
			name = Modal;
			sourceTree = "<group>";
		};
		AE8730B81882303400D5A9C8 /* TableView */ = {
			isa = PBXGroup;
			children = (
				AE8730B91882304100D5A9C8 /* UITableView+Frames.h */,
				AE8730BA1882304100D5A9C8 /* UITableView+Frames.m */,
				AE8730BC1882336D00D5A9C8 /* CDCustomCell.h */,
				AE8730BD1882336D00D5A9C8 /* CDCustomCell.m */,
			);
			name = TableView;
			sourceTree = "<group>";
		};
		AE8730BF18825BC500D5A9C8 /* Home */ = {
			isa = PBXGroup;
			children = (
				AE9CC8161876279900A6E61D /* HomeViewController.h */,
				AE9CC8171876279900A6E61D /* HomeViewController.m */,
			);
			name = Home;
			sourceTree = "<group>";
		};
		AE8730C018825BD000D5A9C8 /* Activity */ = {
			isa = PBXGroup;
			children = (
				AE9CC8501879389500A6E61D /* PostViewController.h */,
				AE9CC8511879389500A6E61D /* PostViewController.m */,
				AE8730B11881D62D00D5A9C8 /* PostsNearMeViewController.h */,
				AE8730B21881D62D00D5A9C8 /* PostsNearMeViewController.m */,
				AE8730C118825C1600D5A9C8 /* ActivityViewController.h */,
				AE8730C218825C1600D5A9C8 /* ActivityViewController.m */,
				AEFBD40D1883C9F700548EF7 /* NearByPlaceTableViewController.h */,
				AEFBD40E1883C9F700548EF7 /* NearByPlaceTableViewController.m */,
				AEF150E21885B5AF00334A15 /* DetailPostViewController.h */,
				AEF150E31885B5AF00334A15 /* DetailPostViewController.m */,
				AE719290188741C600728CFE /* ChatViewController.h */,
				AE719291188741C600728CFE /* ChatViewController.m */,
			);
			name = Activity;
			sourceTree = "<group>";
		};
		AE8C4E64187602DB00F23661 = {
			isa = PBXGroup;
			children = (
				AEFBD3F61883C97F00548EF7 /* AFNetWork+UIKit */,
				AEFBD3D91883C92100548EF7 /* AFNetworking */,
				AE8730B41882259600D5A9C8 /* Modal */,
				AE9CC8031876123200A6E61D /* Animation&Appearence&Function */,
				AE8C4EAE1876039B00F23661 /* Controller */,
				AE8C4E76187602DB00F23661 /* BuddyUp */,
				AE8C4E95187602DB00F23661 /* BuddyUpTests */,
				AE8C4E6F187602DB00F23661 /* Frameworks */,
				AE8C4E6E187602DB00F23661 /* Products */,
			);
			sourceTree = "<group>";
		};
		AE8C4E6E187602DB00F23661 /* Products */ = {
			isa = PBXGroup;
			children = (
				AE8C4E6D187602DB00F23661 /* BuddyUp.app */,
				AE8C4E8E187602DB00F23661 /* BuddyUpTests.xctest */,
			);
			name = Products;
			sourceTree = "<group>";
		};
		AE8C4E6F187602DB00F23661 /* Frameworks */ = {
			isa = PBXGroup;
			children = (
				AEEC216C1888853C00D1E234 /* Accelerate.framework */,
				AE71928C188740BD00728CFE /* CoreTelephony.framework */,
				AE71928A188740AC00728CFE /* libicucore.dylib */,
				AE7192881887409700728CFE /* CoreData.framework */,
				AEF150EB18864DAB00334A15 /* AddressBookUI.framework */,
				AEF150E9188648D000334A15 /* AddressBook.framework */,
				AE117780187D3E30003CE39E /* MapKit.framework */,
				AE8C4EC318760D2300F23661 /* libz.1.1.3.dylib */,
				AE8C4EBF1876049400F23661 /* StoreKit.framework */,
				AE8C4EBD1876044100F23661 /* Security.framework */,
				AE8C4EBB1876043B00F23661 /* MobileCoreServices.framework */,
				AE8C4EB91876043100F23661 /* CoreLocation.framework */,
				AE8C4EB71876042800F23661 /* CFNetwork.framework */,
				AE8C4EB51876042300F23661 /* AudioToolbox.framework */,
				AE8C4EB31876041700F23661 /* QuartzCore.framework */,
				AE8C4EB11876041100F23661 /* Parse.framework */,
				AE8C4EAF187603F700F23661 /* SystemConfiguration.framework */,
				AE8C4E70187602DB00F23661 /* Foundation.framework */,
				AE8C4E72187602DB00F23661 /* CoreGraphics.framework */,
				AE8C4E74187602DB00F23661 /* UIKit.framework */,
				AE8C4E8F187602DB00F23661 /* XCTest.framework */,
			);
			name = Frameworks;
			sourceTree = "<group>";
		};
		AE8C4E76187602DB00F23661 /* BuddyUp */ = {
			isa = PBXGroup;
			children = (
				AE8C4E7F187602DB00F23661 /* CDAppDelegate.h */,
				AE8C4E80187602DB00F23661 /* CDAppDelegate.m */,
				AE8C4E82187602DB00F23661 /* Main.storyboard */,
				AE8C4E85187602DB00F23661 /* CDViewController.h */,
				AE8C4E86187602DB00F23661 /* CDViewController.m */,
				AE8C4E88187602DB00F23661 /* Images.xcassets */,
				AE8C4E77187602DB00F23661 /* Supporting Files */,
			);
			path = BuddyUp;
			sourceTree = "<group>";
		};
		AE8C4E77187602DB00F23661 /* Supporting Files */ = {
			isa = PBXGroup;
			children = (
				AE8C4E78187602DB00F23661 /* BuddyUp-Info.plist */,
				AE8C4E79187602DB00F23661 /* InfoPlist.strings */,
				AE8C4E7C187602DB00F23661 /* main.m */,
				AE8C4E7E187602DB00F23661 /* BuddyUp-Prefix.pch */,
			);
			name = "Supporting Files";
			sourceTree = "<group>";
		};
		AE8C4E95187602DB00F23661 /* BuddyUpTests */ = {
			isa = PBXGroup;
			children = (
				AE8C4E9B187602DB00F23661 /* BuddyUpTests.m */,
				AE8C4E96187602DB00F23661 /* Supporting Files */,
			);
			path = BuddyUpTests;
			sourceTree = "<group>";
		};
		AE8C4E96187602DB00F23661 /* Supporting Files */ = {
			isa = PBXGroup;
			children = (
				AE8C4E97187602DB00F23661 /* BuddyUpTests-Info.plist */,
				AE8C4E98187602DB00F23661 /* InfoPlist.strings */,
			);
			name = "Supporting Files";
			sourceTree = "<group>";
		};
		AE8C4EAE1876039B00F23661 /* Controller */ = {
			isa = PBXGroup;
			children = (
				AE9CC815187626BA00A6E61D /* TabViewControllers */,
				AE8C4EA51876039300F23661 /* LoginViewController.h */,
				AE8C4EA61876039300F23661 /* LoginViewController.m */,
				AE8C4EA71876039300F23661 /* WelcomeViewController.h */,
				AE8C4EA81876039300F23661 /* WelcomeViewController.m */,
				AE8C4EA91876039300F23661 /* SignUpViewController.h */,
				AE8C4EAA1876039300F23661 /* SignUpViewController.m */,
				AE7741E71887B277002A0E96 /* PersonalDetailViewController.h */,
				AE7741E81887B277002A0E96 /* PersonalDetailViewController.m */,
			);
			name = Controller;
			sourceTree = "<group>";
		};
		AE9CC8031876123200A6E61D /* Animation&Appearence&Function */ = {
			isa = PBXGroup;
			children = (
				AEEC21871888998A00D1E234 /* Modal Segue */,
				AEEC2178188885B400D1E234 /* AlertView */,
				AEEC216B188884FE00D1E234 /* ImageBlur */,
				AE8730B81882303400D5A9C8 /* TableView */,
				AE1E9AE3187BD0360021E629 /* Segmented Control */,
				AE1E9ADF187B3FF10021E629 /* DayPicker */,
				AE9CC8531879419E00A6E61D /* Image */,
				AE9CC82818769EB600A6E61D /* Avatar */,
				AE9CC8271876665800A6E61D /* KeyBoard */,
				AE9CC81F187665D800A6E61D /* TextField */,
				AE9CC820187665E800A6E61D /* BlurSeg */,
			);
			name = "Animation&Appearence&Function";
			sourceTree = "<group>";
		};
		AE9CC815187626BA00A6E61D /* TabViewControllers */ = {
			isa = PBXGroup;
			children = (
				AE8730C018825BD000D5A9C8 /* Activity */,
				AE8730BF18825BC500D5A9C8 /* Home */,
			);
			name = TabViewControllers;
			sourceTree = "<group>";
		};
		AE9CC81F187665D800A6E61D /* TextField */ = {
			isa = PBXGroup;
			children = (
				AE9CC81C1876480E00A6E61D /* MHTextField.h */,
				AE9CC81D1876480E00A6E61D /* MHTextField.m */,
			);
			name = TextField;
			sourceTree = "<group>";
		};
		AE9CC820187665E800A6E61D /* BlurSeg */ = {
			isa = PBXGroup;
			children = (
				AE9CC8041876124F00A6E61D /* BlurryModalSegue.h */,
				AE9CC8051876124F00A6E61D /* BlurryModalSegue.m */,
				AE9CC8061876124F00A6E61D /* MZAppearance.h */,
				AE9CC8071876124F00A6E61D /* MZAppearance.m */,
				AE9CC8081876124F00A6E61D /* NSInvocation+Copy.h */,
				AE9CC8091876124F00A6E61D /* NSInvocation+Copy.m */,
				AE9CC80A1876124F00A6E61D /* UIImage+BlurredFrame.h */,
				AE9CC80B1876124F00A6E61D /* UIImage+BlurredFrame.m */,
				AE9CC80C1876124F00A6E61D /* UIImage+ImageEffects.h */,
				AE9CC80D1876124F00A6E61D /* UIImage+ImageEffects.m */,
			);
			name = BlurSeg;
			sourceTree = "<group>";
		};
		AE9CC8271876665800A6E61D /* KeyBoard */ = {
			isa = PBXGroup;
			children = (
				AE9CC8211876665300A6E61D /* TPKeyboardAvoidingScrollView.h */,
				AE9CC8221876665300A6E61D /* TPKeyboardAvoidingScrollView.m */,
				AE9CC8231876665300A6E61D /* UIScrollView+TPKeyboardAvoidingAdditions.h */,
				AE9CC8241876665300A6E61D /* UIScrollView+TPKeyboardAvoidingAdditions.m */,
			);
			name = KeyBoard;
			sourceTree = "<group>";
		};
		AE9CC82818769EB600A6E61D /* Avatar */ = {
			isa = PBXGroup;
			children = (
				AE9CC8361877640D00A6E61D /* ImageExpand */,
			);
			name = Avatar;
			sourceTree = "<group>";
		};
		AE9CC8361877640D00A6E61D /* ImageExpand */ = {
			isa = PBXGroup;
			children = (
				AE9CC8421877D12000A6E61D /* APAvatarImageView.h */,
				AE9CC8431877D12000A6E61D /* APAvatarImageView.m */,
				AE9CC8371877641D00A6E61D /* TGRImageViewController.h */,
				AE9CC8381877641D00A6E61D /* TGRImageViewController.m */,
				AE9CC8391877641D00A6E61D /* TGRImageViewController.xib */,
				AE9CC83A1877641D00A6E61D /* TGRImageZoomAnimationController.h */,
				AE9CC83B1877641D00A6E61D /* TGRImageZoomAnimationController.m */,
				AE9CC83C1877641D00A6E61D /* UIImage+AspectFit.h */,
				AE9CC83D1877641D00A6E61D /* UIImage+AspectFit.m */,
			);
			name = ImageExpand;
			sourceTree = "<group>";
		};
		AE9CC8531879419E00A6E61D /* Image */ = {
			isa = PBXGroup;
			children = (
				AE7192851887287300728CFE /* VPImageCropperViewController.h */,
				AE7192861887287300728CFE /* VPImageCropperViewController.m */,
				AE9CC84D1878BC7000A6E61D /* UIImage+Alpha.h */,
				AE9CC84E1878BC7000A6E61D /* UIImage+Alpha.m */,
				AE9CC84A1878BC4A00A6E61D /* UIImage+RoundedCorner.h */,
				AE9CC84B1878BC4A00A6E61D /* UIImage+RoundedCorner.m */,
				AE9CC8471878BABE00A6E61D /* UIImage+Resize.h */,
				AE9CC8481878BABE00A6E61D /* UIImage+Resize.m */,
			);
			name = Image;
			sourceTree = "<group>";
		};
		AEEC216B188884FE00D1E234 /* ImageBlur */ = {
			isa = PBXGroup;
			children = (
				AEEC216E188885AE00D1E234 /* UIImage+Blur.h */,
				AEEC216F188885AE00D1E234 /* UIImage+Blur.m */,
				AEEC2170188885AE00D1E234 /* UIImage+ImageWithColor.h */,
				AEEC2171188885AE00D1E234 /* UIImage+ImageWithColor.m */,
				AEEC2172188885AE00D1E234 /* UIImage+Screenshot.h */,
				AEEC2173188885AE00D1E234 /* UIImage+Screenshot.m */,
				AEEC2174188885AE00D1E234 /* UIImage-Helpers.h */,
			);
			name = ImageBlur;
			sourceTree = "<group>";
		};
		AEEC2178188885B400D1E234 /* AlertView */ = {
			isa = PBXGroup;
			children = (
				AEEC21821888860800D1E234 /* NZAlertView.xib */,
				AEEC21811888860200D1E234 /* NZAlertViewDelegate.h */,
				AEEC217E188885ED00D1E234 /* UIColor+StyleColor.h */,
				AEEC217F188885ED00D1E234 /* UIColor+StyleColor.m */,
				AEEC2179188885D800D1E234 /* NZAlertView.h */,
				AEEC217A188885D800D1E234 /* NZAlertView.m */,
				AEEC217B188885D800D1E234 /* NZAlertView-Icons.bundle */,
			);
			name = AlertView;
			sourceTree = "<group>";
		};
		AEEC21871888998A00D1E234 /* Modal Segue */ = {
			isa = PBXGroup;
			children = (
				AEEC21841888998300D1E234 /* DCModalSegue.h */,
				AEEC21851888998300D1E234 /* DCModalSegue.m */,
			);
			name = "Modal Segue";
			sourceTree = "<group>";
		};
		AEFBD3D91883C92100548EF7 /* AFNetworking */ = {
			isa = PBXGroup;
			children = (
				AEFBD3DA1883C94A00548EF7 /* AFHTTPRequestOperation.h */,
				AEFBD3DB1883C94A00548EF7 /* AFHTTPRequestOperation.m */,
				AEFBD3DC1883C94A00548EF7 /* AFHTTPRequestOperationManager.h */,
				AEFBD3DD1883C94A00548EF7 /* AFHTTPRequestOperationManager.m */,
				AEFBD3DE1883C94A00548EF7 /* AFHTTPSessionManager.h */,
				AEFBD3DF1883C94A00548EF7 /* AFHTTPSessionManager.m */,
				AEFBD3E01883C94A00548EF7 /* AFNetworking.h */,
				AEFBD3E11883C94A00548EF7 /* AFNetworkReachabilityManager.h */,
				AEFBD3E21883C94A00548EF7 /* AFNetworkReachabilityManager.m */,
				AEFBD3E31883C94A00548EF7 /* AFSecurityPolicy.h */,
				AEFBD3E41883C94A00548EF7 /* AFSecurityPolicy.m */,
				AEFBD3E51883C94A00548EF7 /* AFURLConnectionOperation.h */,
				AEFBD3E61883C94A00548EF7 /* AFURLConnectionOperation.m */,
				AEFBD3E71883C94A00548EF7 /* AFURLRequestSerialization.h */,
				AEFBD3E81883C94A00548EF7 /* AFURLRequestSerialization.m */,
				AEFBD3E91883C94A00548EF7 /* AFURLResponseSerialization.h */,
				AEFBD3EA1883C94A00548EF7 /* AFURLResponseSerialization.m */,
				AEFBD3EB1883C94A00548EF7 /* AFURLSessionManager.h */,
				AEFBD3EC1883C94A00548EF7 /* AFURLSessionManager.m */,
			);
			name = AFNetworking;
			sourceTree = "<group>";
		};
		AEFBD3F61883C97F00548EF7 /* AFNetWork+UIKit */ = {
			isa = PBXGroup;
			children = (
				AEFBD3F71883C99100548EF7 /* AFNetworkActivityIndicatorManager.h */,
				AEFBD3F81883C99100548EF7 /* AFNetworkActivityIndicatorManager.m */,
				AEFBD3F91883C99100548EF7 /* UIActivityIndicatorView+AFNetworking.h */,
				AEFBD3FA1883C99100548EF7 /* UIActivityIndicatorView+AFNetworking.m */,
				AEFBD3FB1883C99100548EF7 /* UIAlertView+AFNetworking.h */,
				AEFBD3FC1883C99100548EF7 /* UIAlertView+AFNetworking.m */,
				AEFBD3FD1883C99100548EF7 /* UIButton+AFNetworking.h */,
				AEFBD3FE1883C99100548EF7 /* UIButton+AFNetworking.m */,
				AEFBD3FF1883C99100548EF7 /* UIImageView+AFNetworking.h */,
				AEFBD4001883C99100548EF7 /* UIImageView+AFNetworking.m */,
				AEFBD4011883C99100548EF7 /* UIKit+AFNetworking.h */,
				AEFBD4021883C99100548EF7 /* UIProgressView+AFNetworking.h */,
				AEFBD4031883C99100548EF7 /* UIProgressView+AFNetworking.m */,
				AEFBD4041883C99100548EF7 /* UIWebView+AFNetworking.h */,
				AEFBD4051883C99100548EF7 /* UIWebView+AFNetworking.m */,
			);
			name = "AFNetWork+UIKit";
			sourceTree = "<group>";
		};
/* End PBXGroup section */

/* Begin PBXNativeTarget section */
		AE8C4E6C187602DB00F23661 /* BuddyUp */ = {
			isa = PBXNativeTarget;
			buildConfigurationList = AE8C4E9F187602DB00F23661 /* Build configuration list for PBXNativeTarget "BuddyUp" */;
			buildPhases = (
				AE8C4E69187602DB00F23661 /* Sources */,
				AE8C4E6A187602DB00F23661 /* Frameworks */,
				AE8C4E6B187602DB00F23661 /* Resources */,
			);
			buildRules = (
			);
			dependencies = (
			);
			name = BuddyUp;
			productName = BuddyUp;
			productReference = AE8C4E6D187602DB00F23661 /* BuddyUp.app */;
			productType = "com.apple.product-type.application";
		};
		AE8C4E8D187602DB00F23661 /* BuddyUpTests */ = {
			isa = PBXNativeTarget;
			buildConfigurationList = AE8C4EA2187602DB00F23661 /* Build configuration list for PBXNativeTarget "BuddyUpTests" */;
			buildPhases = (
				AE8C4E8A187602DB00F23661 /* Sources */,
				AE8C4E8B187602DB00F23661 /* Frameworks */,
				AE8C4E8C187602DB00F23661 /* Resources */,
			);
			buildRules = (
			);
			dependencies = (
				AE8C4E94187602DB00F23661 /* PBXTargetDependency */,
			);
			name = BuddyUpTests;
			productName = BuddyUpTests;
			productReference = AE8C4E8E187602DB00F23661 /* BuddyUpTests.xctest */;
			productType = "com.apple.product-type.bundle.unit-test";
		};
/* End PBXNativeTarget section */

/* Begin PBXProject section */
		AE8C4E65187602DB00F23661 /* Project object */ = {
			isa = PBXProject;
			attributes = {
				CLASSPREFIX = CD;
				LastUpgradeCheck = 0510;
				ORGANIZATIONNAME = CDFLS;
				TargetAttributes = {
					AE8C4E8D187602DB00F23661 = {
						TestTargetID = AE8C4E6C187602DB00F23661;
					};
				};
			};
			buildConfigurationList = AE8C4E68187602DB00F23661 /* Build configuration list for PBXProject "BuddyUp" */;
			compatibilityVersion = "Xcode 3.2";
			developmentRegion = English;
			hasScannedForEncodings = 0;
			knownRegions = (
				en,
				Base,
			);
			mainGroup = AE8C4E64187602DB00F23661;
			productRefGroup = AE8C4E6E187602DB00F23661 /* Products */;
			projectDirPath = "";
			projectRoot = "";
			targets = (
				AE8C4E6C187602DB00F23661 /* BuddyUp */,
				AE8C4E8D187602DB00F23661 /* BuddyUpTests */,
			);
		};
/* End PBXProject section */

/* Begin PBXResourcesBuildPhase section */
		AE8C4E6B187602DB00F23661 /* Resources */ = {
			isa = PBXResourcesBuildPhase;
			buildActionMask = 2147483647;
			files = (
				AEEC217D188885D800D1E234 /* NZAlertView-Icons.bundle in Resources */,
				AE8C4E89187602DB00F23661 /* Images.xcassets in Resources */,
				AE8C4E7B187602DB00F23661 /* InfoPlist.strings in Resources */,
				AEEC21831888860800D1E234 /* NZAlertView.xib in Resources */,
				AE9CC83F1877641D00A6E61D /* TGRImageViewController.xib in Resources */,
				AE8C4E84187602DB00F23661 /* Main.storyboard in Resources */,
			);
			runOnlyForDeploymentPostprocessing = 0;
		};
		AE8C4E8C187602DB00F23661 /* Resources */ = {
			isa = PBXResourcesBuildPhase;
			buildActionMask = 2147483647;
			files = (
				AE8C4E9A187602DB00F23661 /* InfoPlist.strings in Resources */,
			);
			runOnlyForDeploymentPostprocessing = 0;
		};
/* End PBXResourcesBuildPhase section */

/* Begin PBXSourcesBuildPhase section */
		AE8C4E69187602DB00F23661 /* Sources */ = {
			isa = PBXSourcesBuildPhase;
			buildActionMask = 2147483647;
			files = (
				AEEC2176188885AE00D1E234 /* UIImage+ImageWithColor.m in Sources */,
				AEEC2177188885AE00D1E234 /* UIImage+Screenshot.m in Sources */,
				AE9CC80F1876124F00A6E61D /* MZAppearance.m in Sources */,
				AEEC2180188885ED00D1E234 /* UIColor+StyleColor.m in Sources */,
				AE8C4EAC1876039300F23661 /* WelcomeViewController.m in Sources */,
				AE9CC81E1876480E00A6E61D /* MHTextField.m in Sources */,
				AE8C4EAB1876039300F23661 /* LoginViewController.m in Sources */,
				AEFBD40B1883C99100548EF7 /* UIProgressView+AFNetworking.m in Sources */,
				AEFBD4061883C99100548EF7 /* AFNetworkActivityIndicatorManager.m in Sources */,
				AEFBD3F21883C94A00548EF7 /* AFURLConnectionOperation.m in Sources */,
				AEF150E8188603C200334A15 /* CDAnnotation.m in Sources */,
				AE1E9AE6187BD09D0021E629 /* HMSegmentedControl.m in Sources */,
				AE8730BB1882304100D5A9C8 /* UITableView+Frames.m in Sources */,
				AEF150DD1884B9EC00334A15 /* Singleton.m in Sources */,
				AE8730BE1882336D00D5A9C8 /* CDCustomCell.m in Sources */,
				AE1E9AE2187B3FFD0021E629 /* RMDateSelectionViewController.m in Sources */,
				AE9CC8521879389500A6E61D /* PostViewController.m in Sources */,
				AE9CC8401877641D00A6E61D /* TGRImageZoomAnimationController.m in Sources */,
				AEFBD4091883C99100548EF7 /* UIButton+AFNetworking.m in Sources */,
				AEFBD3F31883C94A00548EF7 /* AFURLRequestSerialization.m in Sources */,
				AE7192871887287300728CFE /* VPImageCropperViewController.m in Sources */,
				AE9CC8261876665300A6E61D /* UIScrollView+TPKeyboardAvoidingAdditions.m in Sources */,
				AEFBD40C1883C99100548EF7 /* UIWebView+AFNetworking.m in Sources */,
				AE8C4EAD1876039300F23661 /* SignUpViewController.m in Sources */,
				AE9CC8121876124F00A6E61D /* UIImage+ImageEffects.m in Sources */,
				AE9CC8111876124F00A6E61D /* UIImage+BlurredFrame.m in Sources */,
				AE8730B7188225D900D5A9C8 /* CDPosts.m in Sources */,
				AE9CC8491878BABE00A6E61D /* UIImage+Resize.m in Sources */,
				AE9CC8251876665300A6E61D /* TPKeyboardAvoidingScrollView.m in Sources */,
				AE719292188741C600728CFE /* ChatViewController.m in Sources */,
				AEFBD40F1883C9F700548EF7 /* NearByPlaceTableViewController.m in Sources */,
				AE8C4E7D187602DB00F23661 /* main.m in Sources */,
				AEEC217C188885D800D1E234 /* NZAlertView.m in Sources */,
				AE9CC83E1877641D00A6E61D /* TGRImageViewController.m in Sources */,
				AE8730C318825C1600D5A9C8 /* ActivityViewController.m in Sources */,
				AE8730B31881D62D00D5A9C8 /* PostsNearMeViewController.m in Sources */,
				AEFBD3F11883C94A00548EF7 /* AFSecurityPolicy.m in Sources */,
				AEF150E41885B5AF00334A15 /* DetailPostViewController.m in Sources */,
				AEFBD3F51883C94A00548EF7 /* AFURLSessionManager.m in Sources */,
				AE7741E91887B277002A0E96 /* PersonalDetailViewController.m in Sources */,
				AEEC2175188885AE00D1E234 /* UIImage+Blur.m in Sources */,
				AE8C4E81187602DB00F23661 /* CDAppDelegate.m in Sources */,
				AEEC21861888998300D1E234 /* DCModalSegue.m in Sources */,
				AEFBD3EE1883C94A00548EF7 /* AFHTTPRequestOperationManager.m in Sources */,
				AE9CC80E1876124F00A6E61D /* BlurryModalSegue.m in Sources */,
				AE8C4E87187602DB00F23661 /* CDViewController.m in Sources */,
				AEFBD40A1883C99100548EF7 /* UIImageView+AFNetworking.m in Sources */,
				AEFBD4081883C99100548EF7 /* UIAlertView+AFNetworking.m in Sources */,
				AEFBD3F41883C94A00548EF7 /* AFURLResponseSerialization.m in Sources */,
				AE9CC84C1878BC4A00A6E61D /* UIImage+RoundedCorner.m in Sources */,
				AE9CC8441877D12000A6E61D /* APAvatarImageView.m in Sources */,
				AEFBD3EF1883C94A00548EF7 /* AFHTTPSessionManager.m in Sources */,
				AEFBD3F01883C94A00548EF7 /* AFNetworkReachabilityManager.m in Sources */,
				AE9CC84F1878BC7000A6E61D /* UIImage+Alpha.m in Sources */,
				AEFBD3ED1883C94A00548EF7 /* AFHTTPRequestOperation.m in Sources */,
				AE9CC8101876124F00A6E61D /* NSInvocation+Copy.m in Sources */,
				AEFBD4071883C99100548EF7 /* UIActivityIndicatorView+AFNetworking.m in Sources */,
				AE9CC8181876279900A6E61D /* HomeViewController.m in Sources */,
				AE9CC8411877641D00A6E61D /* UIImage+AspectFit.m in Sources */,
			);
			runOnlyForDeploymentPostprocessing = 0;
		};
		AE8C4E8A187602DB00F23661 /* Sources */ = {
			isa = PBXSourcesBuildPhase;
			buildActionMask = 2147483647;
			files = (
				AE8C4E9C187602DB00F23661 /* BuddyUpTests.m in Sources */,
			);
			runOnlyForDeploymentPostprocessing = 0;
		};
/* End PBXSourcesBuildPhase section */

/* Begin PBXTargetDependency section */
		AE8C4E94187602DB00F23661 /* PBXTargetDependency */ = {
			isa = PBXTargetDependency;
			target = AE8C4E6C187602DB00F23661 /* BuddyUp */;
			targetProxy = AE8C4E93187602DB00F23661 /* PBXContainerItemProxy */;
		};
/* End PBXTargetDependency section */

/* Begin PBXVariantGroup section */
		AE8C4E79187602DB00F23661 /* InfoPlist.strings */ = {
			isa = PBXVariantGroup;
			children = (
				AE8C4E7A187602DB00F23661 /* en */,
			);
			name = InfoPlist.strings;
			sourceTree = "<group>";
		};
		AE8C4E82187602DB00F23661 /* Main.storyboard */ = {
			isa = PBXVariantGroup;
			children = (
				AE8C4E83187602DB00F23661 /* Base */,
			);
			name = Main.storyboard;
			sourceTree = "<group>";
		};
		AE8C4E98187602DB00F23661 /* InfoPlist.strings */ = {
			isa = PBXVariantGroup;
			children = (
				AE8C4E99187602DB00F23661 /* en */,
			);
			name = InfoPlist.strings;
			sourceTree = "<group>";
		};
/* End PBXVariantGroup section */

/* Begin XCBuildConfiguration section */
		AE8C4E9D187602DB00F23661 /* Debug */ = {
			isa = XCBuildConfiguration;
			buildSettings = {
				ALWAYS_SEARCH_USER_PATHS = NO;
				ARCHS = "$(ARCHS_STANDARD_INCLUDING_64_BIT)";
				CLANG_CXX_LANGUAGE_STANDARD = "gnu++0x";
				CLANG_CXX_LIBRARY = "libc++";
				CLANG_ENABLE_MODULES = YES;
				CLANG_ENABLE_OBJC_ARC = YES;
				CLANG_WARN_BOOL_CONVERSION = YES;
				CLANG_WARN_CONSTANT_CONVERSION = YES;
				CLANG_WARN_DIRECT_OBJC_ISA_USAGE = YES_ERROR;
				CLANG_WARN_EMPTY_BODY = YES;
				CLANG_WARN_ENUM_CONVERSION = YES;
				CLANG_WARN_INT_CONVERSION = YES;
				CLANG_WARN_OBJC_ROOT_CLASS = YES_ERROR;
				CLANG_WARN__DUPLICATE_METHOD_MATCH = YES;
				"CODE_SIGN_IDENTITY[sdk=iphoneos*]" = "iPhone Developer";
				COPY_PHASE_STRIP = NO;
				GCC_C_LANGUAGE_STANDARD = gnu99;
				GCC_DYNAMIC_NO_PIC = NO;
				GCC_OPTIMIZATION_LEVEL = 0;
				GCC_PREPROCESSOR_DEFINITIONS = (
					"DEBUG=1",
					"$(inherited)",
				);
				GCC_SYMBOLS_PRIVATE_EXTERN = NO;
				GCC_WARN_64_TO_32_BIT_CONVERSION = YES;
				GCC_WARN_ABOUT_RETURN_TYPE = YES_ERROR;
				GCC_WARN_UNDECLARED_SELECTOR = YES;
				GCC_WARN_UNINITIALIZED_AUTOS = YES_AGGRESSIVE;
				GCC_WARN_UNUSED_FUNCTION = YES;
				GCC_WARN_UNUSED_VARIABLE = YES;
				IPHONEOS_DEPLOYMENT_TARGET = 7.1;
				ONLY_ACTIVE_ARCH = YES;
				SDKROOT = iphoneos;
			};
			name = Debug;
		};
		AE8C4E9E187602DB00F23661 /* Release */ = {
			isa = XCBuildConfiguration;
			buildSettings = {
				ALWAYS_SEARCH_USER_PATHS = NO;
				ARCHS = "$(ARCHS_STANDARD_INCLUDING_64_BIT)";
				CLANG_CXX_LANGUAGE_STANDARD = "gnu++0x";
				CLANG_CXX_LIBRARY = "libc++";
				CLANG_ENABLE_MODULES = YES;
				CLANG_ENABLE_OBJC_ARC = YES;
				CLANG_WARN_BOOL_CONVERSION = YES;
				CLANG_WARN_CONSTANT_CONVERSION = YES;
				CLANG_WARN_DIRECT_OBJC_ISA_USAGE = YES_ERROR;
				CLANG_WARN_EMPTY_BODY = YES;
				CLANG_WARN_ENUM_CONVERSION = YES;
				CLANG_WARN_INT_CONVERSION = YES;
				CLANG_WARN_OBJC_ROOT_CLASS = YES_ERROR;
				CLANG_WARN__DUPLICATE_METHOD_MATCH = YES;
				"CODE_SIGN_IDENTITY[sdk=iphoneos*]" = "iPhone Developer";
				COPY_PHASE_STRIP = YES;
				ENABLE_NS_ASSERTIONS = NO;
				GCC_C_LANGUAGE_STANDARD = gnu99;
				GCC_WARN_64_TO_32_BIT_CONVERSION = YES;
				GCC_WARN_ABOUT_RETURN_TYPE = YES_ERROR;
				GCC_WARN_UNDECLARED_SELECTOR = YES;
				GCC_WARN_UNINITIALIZED_AUTOS = YES_AGGRESSIVE;
				GCC_WARN_UNUSED_FUNCTION = YES;
				GCC_WARN_UNUSED_VARIABLE = YES;
				IPHONEOS_DEPLOYMENT_TARGET = 7.1;
				SDKROOT = iphoneos;
				VALIDATE_PRODUCT = YES;
			};
			name = Release;
		};
		AE8C4EA0187602DB00F23661 /* Debug */ = {
			isa = XCBuildConfiguration;
			buildSettings = {
				ASSETCATALOG_COMPILER_APPICON_NAME = AppIcon;
				ASSETCATALOG_COMPILER_LAUNCHIMAGE_NAME = LaunchImage;
				FRAMEWORK_SEARCH_PATHS = (
					"$(inherited)",
					/Users/liuzhe/Dropbox/ComputerScience/iOS/WinterProj,
					"$(PROJECT_DIR)",
				);
				GCC_PRECOMPILE_PREFIX_HEADER = YES;
				GCC_PREFIX_HEADER = "BuddyUp/BuddyUp-Prefix.pch";
				INFOPLIST_FILE = "BuddyUp/BuddyUp-Info.plist";
				PRODUCT_NAME = "$(TARGET_NAME)";
				WRAPPER_EXTENSION = app;
			};
			name = Debug;
		};
		AE8C4EA1187602DB00F23661 /* Release */ = {
			isa = XCBuildConfiguration;
			buildSettings = {
				ASSETCATALOG_COMPILER_APPICON_NAME = AppIcon;
				ASSETCATALOG_COMPILER_LAUNCHIMAGE_NAME = LaunchImage;
				FRAMEWORK_SEARCH_PATHS = (
					"$(inherited)",
					/Users/liuzhe/Dropbox/ComputerScience/iOS/WinterProj,
					"$(PROJECT_DIR)",
				);
				GCC_PRECOMPILE_PREFIX_HEADER = YES;
				GCC_PREFIX_HEADER = "BuddyUp/BuddyUp-Prefix.pch";
				INFOPLIST_FILE = "BuddyUp/BuddyUp-Info.plist";
				PRODUCT_NAME = "$(TARGET_NAME)";
				WRAPPER_EXTENSION = app;
			};
			name = Release;
		};
		AE8C4EA3187602DB00F23661 /* Debug */ = {
			isa = XCBuildConfiguration;
			buildSettings = {
				ARCHS = "$(ARCHS_STANDARD_INCLUDING_64_BIT)";
				BUNDLE_LOADER = "$(BUILT_PRODUCTS_DIR)/BuddyUp.app/BuddyUp";
				FRAMEWORK_SEARCH_PATHS = (
					"$(SDKROOT)/Developer/Library/Frameworks",
					"$(inherited)",
					"$(DEVELOPER_FRAMEWORKS_DIR)",
				);
				GCC_PRECOMPILE_PREFIX_HEADER = YES;
				GCC_PREFIX_HEADER = "BuddyUp/BuddyUp-Prefix.pch";
				GCC_PREPROCESSOR_DEFINITIONS = (
					"DEBUG=1",
					"$(inherited)",
				);
				INFOPLIST_FILE = "BuddyUpTests/BuddyUpTests-Info.plist";
				PRODUCT_NAME = "$(TARGET_NAME)";
				TEST_HOST = "$(BUNDLE_LOADER)";
				WRAPPER_EXTENSION = xctest;
			};
			name = Debug;
		};
		AE8C4EA4187602DB00F23661 /* Release */ = {
			isa = XCBuildConfiguration;
			buildSettings = {
				ARCHS = "$(ARCHS_STANDARD_INCLUDING_64_BIT)";
				BUNDLE_LOADER = "$(BUILT_PRODUCTS_DIR)/BuddyUp.app/BuddyUp";
				FRAMEWORK_SEARCH_PATHS = (
					"$(SDKROOT)/Developer/Library/Frameworks",
					"$(inherited)",
					"$(DEVELOPER_FRAMEWORKS_DIR)",
				);
				GCC_PRECOMPILE_PREFIX_HEADER = YES;
				GCC_PREFIX_HEADER = "BuddyUp/BuddyUp-Prefix.pch";
				INFOPLIST_FILE = "BuddyUpTests/BuddyUpTests-Info.plist";
				PRODUCT_NAME = "$(TARGET_NAME)";
				TEST_HOST = "$(BUNDLE_LOADER)";
				WRAPPER_EXTENSION = xctest;
			};
			name = Release;
		};
/* End XCBuildConfiguration section */

/* Begin XCConfigurationList section */
		AE8C4E68187602DB00F23661 /* Build configuration list for PBXProject "BuddyUp" */ = {
			isa = XCConfigurationList;
			buildConfigurations = (
				AE8C4E9D187602DB00F23661 /* Debug */,
				AE8C4E9E187602DB00F23661 /* Release */,
			);
			defaultConfigurationIsVisible = 0;
			defaultConfigurationName = Release;
		};
		AE8C4E9F187602DB00F23661 /* Build configuration list for PBXNativeTarget "BuddyUp" */ = {
			isa = XCConfigurationList;
			buildConfigurations = (
				AE8C4EA0187602DB00F23661 /* Debug */,
				AE8C4EA1187602DB00F23661 /* Release */,
			);
			defaultConfigurationIsVisible = 0;
			defaultConfigurationName = Release;
		};
		AE8C4EA2187602DB00F23661 /* Build configuration list for PBXNativeTarget "BuddyUpTests" */ = {
			isa = XCConfigurationList;
			buildConfigurations = (
				AE8C4EA3187602DB00F23661 /* Debug */,
				AE8C4EA4187602DB00F23661 /* Release */,
			);
			defaultConfigurationIsVisible = 0;
			defaultConfigurationName = Release;
		};
/* End XCConfigurationList section */
	};
	rootObject = AE8C4E65187602DB00F23661 /* Project object */;
}
